{
    "_meta": {
        "hash": {
            "sha256": "35a350844180d9221114814f963b44974d065c3b6a5b83ecb40a9eea07977667"
        },
        "pipfile-spec": 6,
        "requires": {
            "python_version": "3.7"
        },
        "sources": [
            {
                "name": "pypi",
                "url": "https://pypi.python.org/simple",
                "verify_ssl": true
            }
        ]
    },
    "default": {
        "marshmallow": {
            "hashes": [
                "sha256:1a358beb89c2b4d5555272065a9533591a3eb02f1b854f3c4002d88d8f2a1ddb",
                "sha256:eb97c42c5928b5720812c9268865fe863d4807bc1a8b48ddd7d5c9e1779a6af0"
            ],
            "index": "pypi",
            "version": "==3.2.2"
        }
    },
    "develop": {}
}
